// !$*UTF8*$!
{
	archiveVersion = 1;
	classes = {
	};
	objectVersion = 56;
	objects = {

/* Begin PBXBuildFile section */
		FA2A56FB2B6516C8006F64AB /* AppDelegate.swift in Sources */ = {isa = PBXBuildFile; fileRef = FA2A56FA2B6516C8006F64AB /* AppDelegate.swift */; };
		FA2A56FD2B6516C8006F64AB /* SceneDelegate.swift in Sources */ = {isa = PBXBuildFile; fileRef = FA2A56FC2B6516C8006F64AB /* SceneDelegate.swift */; };
		FA2A56FF2B6516C8006F64AB /* ViewController.swift in Sources */ = {isa = PBXBuildFile; fileRef = FA2A56FE2B6516C8006F64AB /* ViewController.swift */; };
		FA2A57022B6516C8006F64AB /* Main.storyboard in Resources */ = {isa = PBXBuildFile; fileRef = FA2A57002B6516C8006F64AB /* Main.storyboard */; };
		FA2A57042B6516C9006F64AB /* Assets.xcassets in Resources */ = {isa = PBXBuildFile; fileRef = FA2A57032B6516C9006F64AB /* Assets.xcassets */; };
		FA2A57072B6516C9006F64AB /* LaunchScreen.storyboard in Resources */ = {isa = PBXBuildFile; fileRef = FA2A57052B6516C9006F64AB /* LaunchScreen.storyboard */; };
		FA2A57122B6516C9006F64AB /* QuizTests.swift in Sources */ = {isa = PBXBuildFile; fileRef = FA2A57112B6516C9006F64AB /* QuizTests.swift */; };
		FA2A571C2B6516C9006F64AB /* QuizUITests.swift in Sources */ = {isa = PBXBuildFile; fileRef = FA2A571B2B6516C9006F64AB /* QuizUITests.swift */; };
		FA2A571E2B6516C9006F64AB /* QuizUITestsLaunchTests.swift in Sources */ = {isa = PBXBuildFile; fileRef = FA2A571D2B6516C9006F64AB /* QuizUITestsLaunchTests.swift */; };
		FA7D25782B66927300747044 /* QuizBrain.swift in Sources */ = {isa = PBXBuildFile; fileRef = FA7D25772B66927300747044 /* QuizBrain.swift */; };
/* End PBXBuildFile section */

/* Begin PBXContainerItemProxy section */
		FA2A570E2B6516C9006F64AB /* PBXContainerItemProxy */ = {
			isa = PBXContainerItemProxy;
			containerPortal = FA2A56EF2B6516C8006F64AB /* Project object */;
			proxyType = 1;
			remoteGlobalIDString = FA2A56F62B6516C8006F64AB;
			remoteInfo = Quiz;
		};
		FA2A57182B6516C9006F64AB /* PBXContainerItemProxy */ = {
			isa = PBXContainerItemProxy;
			containerPortal = FA2A56EF2B6516C8006F64AB /* Project object */;
			proxyType = 1;
			remoteGlobalIDString = FA2A56F62B6516C8006F64AB;
			remoteInfo = Quiz;
		};
/* End PBXContainerItemProxy section */

/* Begin PBXFileReference section */
		FA2A56F72B6516C8006F64AB /* Quiz.app */ = {isa = PBXFileReference; explicitFileType = wrapper.application; includeInIndex = 0; path = Quiz.app; sourceTree = BUILT_PRODUCTS_DIR; };
		FA2A56FA2B6516C8006F64AB /* AppDelegate.swift */ = {isa = PBXFileReference; lastKnownFileType = sourcecode.swift; path = AppDelegate.swift; sourceTree = "<group>"; };
		FA2A56FC2B6516C8006F64AB /* SceneDelegate.swift */ = {isa = PBXFileReference; lastKnownFileType = sourcecode.swift; path = SceneDelegate.swift; sourceTree = "<group>"; };
		FA2A56FE2B6516C8006F64AB /* ViewController.swift */ = {isa = PBXFileReference; lastKnownFileType = sourcecode.swift; path = ViewController.swift; sourceTree = "<group>"; };
		FA2A57012B6516C8006F64AB /* Base */ = {isa = PBXFileReference; lastKnownFileType = file.storyboard; name = Base; path = Base.lproj/Main.storyboard; sourceTree = "<group>"; };
		FA2A57032B6516C9006F64AB /* Assets.xcassets */ = {isa = PBXFileReference; lastKnownFileType = folder.assetcatalog; path = Assets.xcassets; sourceTree = "<group>"; };
		FA2A57062B6516C9006F64AB /* Base */ = {isa = PBXFileReference; lastKnownFileType = file.storyboard; name = Base; path = Base.lproj/LaunchScreen.storyboard; sourceTree = "<group>"; };
		FA2A570D2B6516C9006F64AB /* QuizTests.xctest */ = {isa = PBXFileReference; explicitFileType = wrapper.cfbundle; includeInIndex = 0; path = QuizTests.xctest; sourceTree = BUILT_PRODUCTS_DIR; };
		FA2A57112B6516C9006F64AB /* QuizTests.swift */ = {isa = PBXFileReference; lastKnownFileType = sourcecode.swift; path = QuizTests.swift; sourceTree = "<group>"; };
		FA2A57172B6516C9006F64AB /* QuizUITests.xctest */ = {isa = PBXFileReference; explicitFileType = wrapper.cfbundle; includeInIndex = 0; path = QuizUITests.xctest; sourceTree = BUILT_PRODUCTS_DIR; };
		FA2A571B2B6516C9006F64AB /* QuizUITests.swift */ = {isa = PBXFileReference; lastKnownFileType = sourcecode.swift; path = QuizUITests.swift; sourceTree = "<group>"; };
		FA2A571D2B6516C9006F64AB /* QuizUITestsLaunchTests.swift */ = {isa = PBXFileReference; lastKnownFileType = sourcecode.swift; path = QuizUITestsLaunchTests.swift; sourceTree = "<group>"; };
		FA7D25772B66927300747044 /* QuizBrain.swift */ = {isa = PBXFileReference; lastKnownFileType = sourcecode.swift; path = QuizBrain.swift; sourceTree = "<group>"; };
/* End PBXFileReference section */

/* Begin PBXFrameworksBuildPhase section */
		FA2A56F42B6516C8006F64AB /* Frameworks */ = {
			isa = PBXFrameworksBuildPhase;
			buildActionMask = 2147483647;
			files = (
			);
			runOnlyForDeploymentPostprocessing = 0;
		};
		FA2A570A2B6516C9006F64AB /* Frameworks */ = {
			isa = PBXFrameworksBuildPhase;
			buildActionMask = 2147483647;
			files = (
			);
			runOnlyForDeploymentPostprocessing = 0;
		};
		FA2A57142B6516C9006F64AB /* Frameworks */ = {
			isa = PBXFrameworksBuildPhase;
			buildActionMask = 2147483647;
			files = (
			);
			runOnlyForDeploymentPostprocessing = 0;
		};
/* End PBXFrameworksBuildPhase section */

/* Begin PBXGroup section */
		FA2A56EE2B6516C8006F64AB = {
			isa = PBXGroup;
			children = (
				FA2A56F92B6516C8006F64AB /* Quiz */,
				FA2A57102B6516C9006F64AB /* QuizTests */,
				FA2A571A2B6516C9006F64AB /* QuizUITests */,
				FA2A56F82B6516C8006F64AB /* Products */,
			);
			sourceTree = "<group>";
		};
		FA2A56F82B6516C8006F64AB /* Products */ = {
			isa = PBXGroup;
			children = (
				FA2A56F72B6516C8006F64AB /* Quiz.app */,
				FA2A570D2B6516C9006F64AB /* QuizTests.xctest */,
				FA2A57172B6516C9006F64AB /* QuizUITests.xctest */,
			);
			name = Products;
			sourceTree = "<group>";
		};
		FA2A56F92B6516C8006F64AB /* Quiz */ = {
			isa = PBXGroup;
			children = (
				FA2A56FA2B6516C8006F64AB /* AppDelegate.swift */,
				FA2A56FC2B6516C8006F64AB /* SceneDelegate.swift */,
				FA7D25792B66928400747044 /* Model */,
				FA7D25752B6691F200747044 /* View */,
				FA7D25762B66921500747044 /* Controller */,
				FA2A57032B6516C9006F64AB /* Assets.xcassets */,
				FA2A57052B6516C9006F64AB /* LaunchScreen.storyboard */,
			);
			path = Quiz;
			sourceTree = "<group>";
		};
		FA2A57102B6516C9006F64AB /* QuizTests */ = {
			isa = PBXGroup;
			children = (
				FA2A57112B6516C9006F64AB /* QuizTests.swift */,
			);
			path = QuizTests;
			sourceTree = "<group>";
		};
		FA2A571A2B6516C9006F64AB /* QuizUITests */ = {
			isa = PBXGroup;
			children = (
				FA2A571B2B6516C9006F64AB /* QuizUITests.swift */,
				FA2A571D2B6516C9006F64AB /* QuizUITestsLaunchTests.swift */,
			);
			path = QuizUITests;
			sourceTree = "<group>";
		};
		FA7D25752B6691F200747044 /* View */ = {
			isa = PBXGroup;
			children = (
				FA2A57002B6516C8006F64AB /* Main.storyboard */,
			);
			path = View;
			sourceTree = "<group>";
		};
		FA7D25762B66921500747044 /* Controller */ = {
			isa = PBXGroup;
			children = (
				FA2A56FE2B6516C8006F64AB /* ViewController.swift */,
			);
			path = Controller;
			sourceTree = "<group>";
		};
		FA7D25792B66928400747044 /* Model */ = {
			isa = PBXGroup;
			children = (
				FA7D25772B66927300747044 /* QuizBrain.swift */,
			);
			path = Model;
			sourceTree = "<group>";
		};
/* End PBXGroup section */

/* Begin PBXNativeTarget section */
		FA2A56F62B6516C8006F64AB /* Quiz */ = {
			isa = PBXNativeTarget;
			buildConfigurationList = FA2A57212B6516C9006F64AB /* Build configuration list for PBXNativeTarget "Quiz" */;
			buildPhases = (
				FA2A56F32B6516C8006F64AB /* Sources */,
				FA2A56F42B6516C8006F64AB /* Frameworks */,
				FA2A56F52B6516C8006F64AB /* Resources */,
			);
			buildRules = (
			);
			dependencies = (
			);
			name = Quiz;
			productName = Quiz;
			productReference = FA2A56F72B6516C8006F64AB /* Quiz.app */;
			productType = "com.apple.product-type.application";
		};
		FA2A570C2B6516C9006F64AB /* QuizTests */ = {
			isa = PBXNativeTarget;
			buildConfigurationList = FA2A57242B6516C9006F64AB /* Build configuration list for PBXNativeTarget "QuizTests" */;
			buildPhases = (
				FA2A57092B6516C9006F64AB /* Sources */,
				FA2A570A2B6516C9006F64AB /* Frameworks */,
				FA2A570B2B6516C9006F64AB /* Resources */,
			);
			buildRules = (
			);
			dependencies = (
				FA2A570F2B6516C9006F64AB /* PBXTargetDependency */,
			);
			name = QuizTests;
			productName = QuizTests;
			productReference = FA2A570D2B6516C9006F64AB /* QuizTests.xctest */;
			productType = "com.apple.product-type.bundle.unit-test";
		};
		FA2A57162B6516C9006F64AB /* QuizUITests */ = {
			isa = PBXNativeTarget;
			buildConfigurationList = FA2A57272B6516C9006F64AB /* Build configuration list for PBXNativeTarget "QuizUITests" */;
			buildPhases = (
				FA2A57132B6516C9006F64AB /* Sources */,
				FA2A57142B6516C9006F64AB /* Frameworks */,
				FA2A57152B6516C9006F64AB /* Resources */,
			);
			buildRules = (
			);
			dependencies = (
				FA2A57192B6516C9006F64AB /* PBXTargetDependency */,
			);
			name = QuizUITests;
			productName = QuizUITests;
			productReference = FA2A57172B6516C9006F64AB /* QuizUITests.xctest */;
			productType = "com.apple.product-type.bundle.ui-testing";
		};
/* End PBXNativeTarget section */

/* Begin PBXProject section */
		FA2A56EF2B6516C8006F64AB /* Project object */ = {
			isa = PBXProject;
			attributes = {
				BuildIndependentTargetsInParallel = 1;
				LastSwiftUpdateCheck = 1500;
				LastUpgradeCheck = 1500;
				TargetAttributes = {
					FA2A56F62B6516C8006F64AB = {
						CreatedOnToolsVersion = 15.0;
					};
					FA2A570C2B6516C9006F64AB = {
						CreatedOnToolsVersion = 15.0;
						TestTargetID = FA2A56F62B6516C8006F64AB;
					};
					FA2A57162B6516C9006F64AB = {
						CreatedOnToolsVersion = 15.0;
						TestTargetID = FA2A56F62B6516C8006F64AB;
					};
				};
			};
			buildConfigurationList = FA2A56F22B6516C8006F64AB /* Build configuration list for PBXProject "Quiz" */;
			compatibilityVersion = "Xcode 14.0";
			developmentRegion = en;
			hasScannedForEncodings = 0;
			knownRegions = (
				en,
				Base,
			);
			mainGroup = FA2A56EE2B6516C8006F64AB;
			productRefGroup = FA2A56F82B6516C8006F64AB /* Products */;
			projectDirPath = "";
			projectRoot = "";
			targets = (
				FA2A56F62B6516C8006F64AB /* Quiz */,
				FA2A570C2B6516C9006F64AB /* QuizTests */,
				FA2A57162B6516C9006F64AB /* QuizUITests */,
			);
		};
/* End PBXProject section */

/* Begin PBXResourcesBuildPhase section */
		FA2A56F52B6516C8006F64AB /* Resources */ = {
			isa = PBXResourcesBuildPhase;
			buildActionMask = 2147483647;
			files = (
				FA2A57072B6516C9006F64AB /* LaunchScreen.storyboard in Resources */,
				FA2A57042B6516C9006F64AB /* Assets.xcassets in Resources */,
				FA2A57022B6516C8006F64AB /* Main.storyboard in Resources */,
			);
			runOnlyForDeploymentPostprocessing = 0;
		};
		FA2A570B2B6516C9006F64AB /* Resources */ = {
			isa = PBXResourcesBuildPhase;
			buildActionMask = 2147483647;
			files = (
			);
			runOnlyForDeploymentPostprocessing = 0;
		};
		FA2A57152B6516C9006F64AB /* Resources */ = {
			isa = PBXResourcesBuildPhase;
			buildActionMask = 2147483647;
			files = (
			);
			runOnlyForDeploymentPostprocessing = 0;
		};
/* End PBXResourcesBuildPhase section */

/* Begin PBXSourcesBuildPhase section */
		FA2A56F32B6516C8006F64AB /* Sources */ = {
			isa = PBXSourcesBuildPhase;
			buildActionMask = 2147483647;
			files = (
				FA2A56FF2B6516C8006F64AB /* ViewController.swift in Sources */,
				FA2A56FB2B6516C8006F64AB /* AppDelegate.swift in Sources */,
				FA2A56FD2B6516C8006F64AB /* SceneDelegate.swift in Sources */,
				FA7D25782B66927300747044 /* QuizBrain.swift in Sources */,
			);
			runOnlyForDeploymentPostprocessing = 0;
		};
		FA2A57092B6516C9006F64AB /* Sources */ = {
			isa = PBXSourcesBuildPhase;
			buildActionMask = 2147483647;
			files = (
				FA2A57122B6516C9006F64AB /* QuizTests.swift in Sources */,
			);
			runOnlyForDeploymentPostprocessing = 0;
		};
		FA2A57132B6516C9006F64AB /* Sources */ = {
			isa = PBXSourcesBuildPhase;
			buildActionMask = 2147483647;
			files = (
				FA2A571C2B6516C9006F64AB /* QuizUITests.swift in Sources */,
				FA2A571E2B6516C9006F64AB /* QuizUITestsLaunchTests.swift in Sources */,
			);
			runOnlyForDeploymentPostprocessing = 0;
		};
/* End PBXSourcesBuildPhase section */

/* Begin PBXTargetDependency section */
		FA2A570F2B6516C9006F64AB /* PBXTargetDependency */ = {
			isa = PBXTargetDependency;
			target = FA2A56F62B6516C8006F64AB /* Quiz */;
			targetProxy = FA2A570E2B6516C9006F64AB /* PBXContainerItemProxy */;
		};
		FA2A57192B6516C9006F64AB /* PBXTargetDependency */ = {
			isa = PBXTargetDependency;
			target = FA2A56F62B6516C8006F64AB /* Quiz */;
			targetProxy = FA2A57182B6516C9006F64AB /* PBXContainerItemProxy */;
		};
/* End PBXTargetDependency section */

/* Begin PBXVariantGroup section */
		FA2A57002B6516C8006F64AB /* Main.storyboard */ = {
			isa = PBXVariantGroup;
			children = (
				FA2A57012B6516C8006F64AB /* Base */,
			);
			name = Main.storyboard;
			sourceTree = "<group>";
		};
		FA2A57052B6516C9006F64AB /* LaunchScreen.storyboard */ = {
			isa = PBXVariantGroup;
			children = (
				FA2A57062B6516C9006F64AB /* Base */,
			);
			name = LaunchScreen.storyboard;
			sourceTree = "<group>";
		};
/* End PBXVariantGroup section */

/* Begin XCBuildConfiguration section */
		FA2A571F2B6516C9006F64AB /* Debug */ = {
			isa = XCBuildConfiguration;
			buildSettings = {
				ALWAYS_SEARCH_USER_PATHS = NO;
				ASSETCATALOG_COMPILER_GENERATE_SWIFT_ASSET_SYMBOL_EXTENSIONS = YES;
				CLANG_ANALYZER_NONNULL = YES;
				CLANG_ANALYZER_NUMBER_OBJECT_CONVERSION = YES_AGGRESSIVE;
				CLANG_CXX_LANGUAGE_STANDARD = "gnu++20";
				CLANG_ENABLE_MODULES = YES;
				CLANG_ENABLE_OBJC_ARC = YES;
				CLANG_ENABLE_OBJC_WEAK = YES;
				CLANG_WARN_BLOCK_CAPTURE_AUTORELEASING = YES;
				CLANG_WARN_BOOL_CONVERSION = YES;
				CLANG_WARN_COMMA = YES;
				CLANG_WARN_CONSTANT_CONVERSION = YES;
				CLANG_WARN_DEPRECATED_OBJC_IMPLEMENTATIONS = YES;
				CLANG_WARN_DIRECT_OBJC_ISA_USAGE = YES_ERROR;
				CLANG_WARN_DOCUMENTATION_COMMENTS = YES;
				CLANG_WARN_EMPTY_BODY = YES;
				CLANG_WARN_ENUM_CONVERSION = YES;
				CLANG_WARN_INFINITE_RECURSION = YES;
				CLANG_WARN_INT_CONVERSION = YES;
				CLANG_WARN_NON_LITERAL_NULL_CONVERSION = YES;
				CLANG_WARN_OBJC_IMPLICIT_RETAIN_SELF = YES;
				CLANG_WARN_OBJC_LITERAL_CONVERSION = YES;
				CLANG_WARN_OBJC_ROOT_CLASS = YES_ERROR;
				CLANG_WARN_QUOTED_INCLUDE_IN_FRAMEWORK_HEADER = YES;
				CLANG_WARN_RANGE_LOOP_ANALYSIS = YES;
				CLANG_WARN_STRICT_PROTOTYPES = YES;
				CLANG_WARN_SUSPICIOUS_MOVE = YES;
				CLANG_WARN_UNGUARDED_AVAILABILITY = YES_AGGRESSIVE;
				CLANG_WARN_UNREACHABLE_CODE = YES;
				CLANG_WARN__DUPLICATE_METHOD_MATCH = YES;
				COPY_PHASE_STRIP = NO;
				DEBUG_INFORMATION_FORMAT = dwarf;
				ENABLE_STRICT_OBJC_MSGSEND = YES;
				ENABLE_TESTABILITY = YES;
				ENABLE_USER_SCRIPT_SANDBOXING = YES;
				GCC_C_LANGUAGE_STANDARD = gnu17;
				GCC_DYNAMIC_NO_PIC = NO;
				GCC_NO_COMMON_BLOCKS = YES;
				GCC_OPTIMIZATION_LEVEL = 0;
				GCC_PREPROCESSOR_DEFINITIONS = (
					"DEBUG=1",
					"$(inherited)",
				);
				GCC_WARN_64_TO_32_BIT_CONVERSION = YES;
				GCC_WARN_ABOUT_RETURN_TYPE = YES_ERROR;
				GCC_WARN_UNDECLARED_SELECTOR = YES;
				GCC_WARN_UNINITIALIZED_AUTOS = YES_AGGRESSIVE;
				GCC_WARN_UNUSED_FUNCTION = YES;
				GCC_WARN_UNUSED_VARIABLE = YES;
				IPHONEOS_DEPLOYMENT_TARGET = 17.0;
				LOCALIZATION_PREFERS_STRING_CATALOGS = YES;
				MTL_ENABLE_DEBUG_INFO = INCLUDE_SOURCE;
				MTL_FAST_MATH = YES;
				ONLY_ACTIVE_ARCH = YES;
				SDKROOT = iphoneos;
				SWIFT_ACTIVE_COMPILATION_CONDITIONS = "DEBUG $(inherited)";
				SWIFT_OPTIMIZATION_LEVEL = "-Onone";
			};
			name = Debug;
		};
		FA2A57202B6516C9006F64AB /* Release */ = {
			isa = XCBuildConfiguration;
			buildSettings = {
				ALWAYS_SEARCH_USER_PATHS = NO;
				ASSETCATALOG_COMPILER_GENERATE_SWIFT_ASSET_SYMBOL_EXTENSIONS = YES;
				CLANG_ANALYZER_NONNULL = YES;
				CLANG_ANALYZER_NUMBER_OBJECT_CONVERSION = YES_AGGRESSIVE;
				CLANG_CXX_LANGUAGE_STANDARD = "gnu++20";
				CLANG_ENABLE_MODULES = YES;
				CLANG_ENABLE_OBJC_ARC = YES;
				CLANG_ENABLE_OBJC_WEAK = YES;
				CLANG_WARN_BLOCK_CAPTURE_AUTORELEASING = YES;
				CLANG_WARN_BOOL_CONVERSION = YES;
				CLANG_WARN_COMMA = YES;
				CLANG_WARN_CONSTANT_CONVERSION = YES;
				CLANG_WARN_DEPRECATED_OBJC_IMPLEMENTATIONS = YES;
				CLANG_WARN_DIRECT_OBJC_ISA_USAGE = YES_ERROR;
				CLANG_WARN_DOCUMENTATION_COMMENTS = YES;
				CLANG_WARN_EMPTY_BODY = YES;
				CLANG_WARN_ENUM_CONVERSION = YES;
				CLANG_WARN_INFINITE_RECURSION = YES;
				CLANG_WARN_INT_CONVERSION = YES;
				CLANG_WARN_NON_LITERAL_NULL_CONVERSION = YES;
				CLANG_WARN_OBJC_IMPLICIT_RETAIN_SELF = YES;
				CLANG_WARN_OBJC_LITERAL_CONVERSION = YES;
				CLANG_WARN_OBJC_ROOT_CLASS = YES_ERROR;
				CLANG_WARN_QUOTED_INCLUDE_IN_FRAMEWORK_HEADER = YES;
				CLANG_WARN_RANGE_LOOP_ANALYSIS = YES;
				CLANG_WARN_STRICT_PROTOTYPES = YES;
				CLANG_WARN_SUSPICIOUS_MOVE = YES;
				CLANG_WARN_UNGUARDED_AVAILABILITY = YES_AGGRESSIVE;
				CLANG_WARN_UNREACHABLE_CODE = YES;
				CLANG_WARN__DUPLICATE_METHOD_MATCH = YES;
				COPY_PHASE_STRIP = NO;
				DEBUG_INFORMATION_FORMAT = "dwarf-with-dsym";
				ENABLE_NS_ASSERTIONS = NO;
				ENABLE_STRICT_OBJC_MSGSEND = YES;
				ENABLE_USER_SCRIPT_SANDBOXING = YES;
				GCC_C_LANGUAGE_STANDARD = gnu17;
				GCC_NO_COMMON_BLOCKS = YES;
				GCC_WARN_64_TO_32_BIT_CONVERSION = YES;
				GCC_WARN_ABOUT_RETURN_TYPE = YES_ERROR;
				GCC_WARN_UNDECLARED_SELECTOR = YES;
				GCC_WARN_UNINITIALIZED_AUTOS = YES_AGGRESSIVE;
				GCC_WARN_UNUSED_FUNCTION = YES;
				GCC_WARN_UNUSED_VARIABLE = YES;
				IPHONEOS_DEPLOYMENT_TARGET = 17.0;
				LOCALIZATION_PREFERS_STRING_CATALOGS = YES;
				MTL_ENABLE_DEBUG_INFO = NO;
				MTL_FAST_MATH = YES;
				SDKROOT = iphoneos;
				SWIFT_COMPILATION_MODE = wholemodule;
				VALIDATE_PRODUCT = YES;
			};
			name = Release;
		};
		FA2A57222B6516C9006F64AB /* Debug */ = {
			isa = XCBuildConfiguration;
			buildSettings = {
				ASSETCATALOG_COMPILER_APPICON_NAME = AppIcon;
				ASSETCATALOG_COMPILER_GLOBAL_ACCENT_COLOR_NAME = AccentColor;
				CODE_SIGN_STYLE = Automatic;
				CURRENT_PROJECT_VERSION = 1;
				DEVELOPMENT_TEAM = P8C3928J3Z;
				GENERATE_INFOPLIST_FILE = YES;
				INFOPLIST_FILE = Quiz/Info.plist;
				INFOPLIST_KEY_UIApplicationSupportsIndirectInputEvents = YES;
				INFOPLIST_KEY_UILaunchStoryboardName = LaunchScreen;
				INFOPLIST_KEY_UIMainStoryboardFile = Main;
				INFOPLIST_KEY_UISupportedInterfaceOrientations = "UIInterfaceOrientationLandscapeLeft UIInterfaceOrientationLandscapeRight UIInterfaceOrientationPortrait";
				INFOPLIST_KEY_UISupportedInterfaceOrientations_iPad = "UIInterfaceOrientationLandscapeLeft UIInterfaceOrientationLandscapeRight UIInterfaceOrientationPortrait UIInterfaceOrientationPortraitUpsideDown";
				LD_RUNPATH_SEARCH_PATHS = (
					"$(inherited)",
					"@executable_path/Frameworks",
				);
				MARKETING_VERSION = 1.0;
				PRODUCT_BUNDLE_IDENTIFIER = com.bayindir.Quiz;
				PRODUCT_NAME = "$(TARGET_NAME)";
				SWIFT_EMIT_LOC_STRINGS = YES;
				SWIFT_VERSION = 5.0;
				TARGETED_DEVICE_FAMILY = "1,2";
			};
			name = Debug;
		};
		FA2A57232B6516C9006F64AB /* Release */ = {
			isa = XCBuildConfiguration;
			buildSettings = {
				ASSETCATALOG_COMPILER_APPICON_NAME = AppIcon;
				ASSETCATALOG_COMPILER_GLOBAL_ACCENT_COLOR_NAME = AccentColor;
				CODE_SIGN_STYLE = Automatic;
				CURRENT_PROJECT_VERSION = 1;
				DEVELOPMENT_TEAM = P8C3928J3Z;
				GENERATE_INFOPLIST_FILE = YES;
				INFOPLIST_FILE = Quiz/Info.plist;
				INFOPLIST_KEY_UIApplicationSupportsIndirectInputEvents = YES;
				INFOPLIST_KEY_UILaunchStoryboardName = LaunchScreen;
				INFOPLIST_KEY_UIMainStoryboardFile = Main;
				INFOPLIST_KEY_UISupportedInterfaceOrientations = "UIInterfaceOrientationLandscapeLeft UIInterfaceOrientationLandscapeRight UIInterfaceOrientationPortrait";
				INFOPLIST_KEY_UISupportedInterfaceOrientations_iPad = "UIInterfaceOrientationLandscapeLeft UIInterfaceOrientationLandscapeRight UIInterfaceOrientationPortrait UIInterfaceOrientationPortraitUpsideDown";
				LD_RUNPATH_SEARCH_PATHS = (
					"$(inherited)",
					"@executable_path/Frameworks",
				);
				MARKETING_VERSION = 1.0;
				PRODUCT_BUNDLE_IDENTIFIER = com.bayindir.Quiz;
				PRODUCT_NAME = "$(TARGET_NAME)";
				SWIFT_EMIT_LOC_STRINGS = YES;
				SWIFT_VERSION = 5.0;
				TARGETED_DEVICE_FAMILY = "1,2";
			};
			name = Release;
		};
		FA2A57252B6516C9006F64AB /* Debug */ = {
			isa = XCBuildConfiguration;
			buildSettings = {
				ALWAYS_EMBED_SWIFT_STANDARD_LIBRARIES = YES;
				BUNDLE_LOADER = "$(TEST_HOST)";
				CODE_SIGN_STYLE = Automatic;
				CURRENT_PROJECT_VERSION = 1;
				DEVELOPMENT_TEAM = P8C3928J3Z;
				GENERATE_INFOPLIST_FILE = YES;
				IPHONEOS_DEPLOYMENT_TARGET = 17.0;
				MARKETING_VERSION = 1.0;
				PRODUCT_BUNDLE_IDENTIFIER = com.bayindir.QuizTests;
				PRODUCT_NAME = "$(TARGET_NAME)";
				SWIFT_EMIT_LOC_STRINGS = NO;
				SWIFT_VERSION = 5.0;
				TARGETED_DEVICE_FAMILY = "1,2";
				TEST_HOST = "$(BUILT_PRODUCTS_DIR)/Quiz.app/$(BUNDLE_EXECUTABLE_FOLDER_PATH)/Quiz";
			};
			name = Debug;
		};
		FA2A57262B6516C9006F64AB /* Release */ = {
			isa = XCBuildConfiguration;
			buildSettings = {
				ALWAYS_EMBED_SWIFT_STANDARD_LIBRARIES = YES;
				BUNDLE_LOADER = "$(TEST_HOST)";
				CODE_SIGN_STYLE = Automatic;
				CURRENT_PROJECT_VERSION = 1;
				DEVELOPMENT_TEAM = P8C3928J3Z;
				GENERATE_INFOPLIST_FILE = YES;
				IPHONEOS_DEPLOYMENT_TARGET = 17.0;
				MARKETING_VERSION = 1.0;
				PRODUCT_BUNDLE_IDENTIFIER = com.bayindir.QuizTests;
				PRODUCT_NAME = "$(TARGET_NAME)";
				SWIFT_EMIT_LOC_STRINGS = NO;
				SWIFT_VERSION = 5.0;
				TARGETED_DEVICE_FAMILY = "1,2";
				TEST_HOST = "$(BUILT_PRODUCTS_DIR)/Quiz.app/$(BUNDLE_EXECUTABLE_FOLDER_PATH)/Quiz";
			};
			name = Release;
		};
		FA2A57282B6516C9006F64AB /* Debug */ = {
			isa = XCBuildConfiguration;
			buildSettings = {
				ALWAYS_EMBED_SWIFT_STANDARD_LIBRARIES = YES;
				CODE_SIGN_STYLE = Automatic;
				CURRENT_PROJECT_VERSION = 1;
				DEVELOPMENT_TEAM = P8C3928J3Z;
				GENERATE_INFOPLIST_FILE = YES;
				MARKETING_VERSION = 1.0;
				PRODUCT_BUNDLE_IDENTIFIER = com.bayindir.QuizUITests;
				PRODUCT_NAME = "$(TARGET_NAME)";
				SWIFT_EMIT_LOC_STRINGS = NO;
				SWIFT_VERSION = 5.0;
				TARGETED_DEVICE_FAMILY = "1,2";
				TEST_TARGET_NAME = Quiz;
			};
			name = Debug;
		};
		FA2A57292B6516C9006F64AB /* Release */ = {
			isa = XCBuildConfiguration;
			buildSettings = {
				ALWAYS_EMBED_SWIFT_STANDARD_LIBRARIES = YES;
				CODE_SIGN_STYLE = Automatic;
				CURRENT_PROJECT_VERSION = 1;
				DEVELOPMENT_TEAM = P8C3928J3Z;
				GENERATE_INFOPLIST_FILE = YES;
				MARKETING_VERSION = 1.0;
				PRODUCT_BUNDLE_IDENTIFIER = com.bayindir.QuizUITests;
				PRODUCT_NAME = "$(TARGET_NAME)";
				SWIFT_EMIT_LOC_STRINGS = NO;
				SWIFT_VERSION = 5.0;
				TARGETED_DEVICE_FAMILY = "1,2";
				TEST_TARGET_NAME = Quiz;
			};
			name = Release;
		};
/* End XCBuildConfiguration section */

/* Begin XCConfigurationList section */
		FA2A56F22B6516C8006F64AB /* Build configuration list for PBXProject "Quiz" */ = {
			isa = XCConfigurationList;
			buildConfigurations = (
				FA2A571F2B6516C9006F64AB /* Debug */,
				FA2A57202B6516C9006F64AB /* Release */,
			);
			defaultConfigurationIsVisible = 0;
			defaultConfigurationName = Release;
		};
		FA2A57212B6516C9006F64AB /* Build configuration list for PBXNativeTarget "Quiz" */ = {
			isa = XCConfigurationList;
			buildConfigurations = (
				FA2A57222B6516C9006F64AB /* Debug */,
				FA2A57232B6516C9006F64AB /* Release */,
			);
			defaultConfigurationIsVisible = 0;
			defaultConfigurationName = Release;
		};
		FA2A57242B6516C9006F64AB /* Build configuration list for PBXNativeTarget "QuizTests" */ = {
			isa = XCConfigurationList;
			buildConfigurations = (
				FA2A57252B6516C9006F64AB /* Debug */,
				FA2A57262B6516C9006F64AB /* Release */,
			);
			defaultConfigurationIsVisible = 0;
			defaultConfigurationName = Release;
		};
		FA2A57272B6516C9006F64AB /* Build configuration list for PBXNativeTarget "QuizUITests" */ = {
			isa = XCConfigurationList;
			buildConfigurations = (
				FA2A57282B6516C9006F64AB /* Debug */,
				FA2A57292B6516C9006F64AB /* Release */,
			);
			defaultConfigurationIsVisible = 0;
			defaultConfigurationName = Release;
		};
/* End XCConfigurationList section */
	};
	rootObject = FA2A56EF2B6516C8006F64AB /* Project object */;
}
